
Microsoft Visual Studio Solution File, Format Version 12.00
# Visual Studio Version 17
VisualStudioVersion = 17.8.34330.188
MinimumVisualStudioVersion = 10.0.40219.1
Project("{2150E333-8FDC-42A3-9474-1A3956D46DE8}") = "Section 1 - Datatyper, Parsing, Strings, UserInput", "Section 1 - Datatyper, Parsing, Strings, UserInput", "{FF675802-2856-4976-A8CD-3BDA0321AAA1}"
EndProject
Project("{9A19103F-16F7-4668-BE54-9A1E7A4F7556}") = "Section 1.2 - Declare & assign, Int, Double, Float", "Section 1 - Variabler\Section 1.2 - Declare & assign, Int, Double, Float.csproj", "{45AD99B8-8337-4EBC-B0E4-6C74A9F9C8A1}"
EndProject
Project("{9A19103F-16F7-4668-BE54-9A1E7A4F7556}") = "Section 1.3 - Strings", "Section 1 - Strings\Section 1.3 - Strings.csproj", "{4B5C1215-2BFE-4846-B613-8D8455A3E1CD}"
EndProject
Project("{9A19103F-16F7-4668-BE54-9A1E7A4F7556}") = "Section 1.4 - User Input", "Section 1 - User Input\Section 1.4 - User Input.csproj", "{1B7FFD3E-8FD2-43D9-83CD-FB58D31A5EFB}"
EndProject
Project("{9A19103F-16F7-4668-BE54-9A1E7A4F7556}") = "Section 1.8 - Casting, ToString()", "Section 1 - Casting\Section 1.8 - Casting, ToString().csproj", "{1B8F571A-0193-42FD-A865-58912122F121}"
EndProject
Project("{9A19103F-16F7-4668-BE54-9A1E7A4F7556}") = "Section 1.9 - Parse", "Section 1 - E. Parse\Section 1.9 - Parse.csproj", "{5B8C61A9-B30B-45DA-84B2-F429393269A7}"
EndProject
Project("{9A19103F-16F7-4668-BE54-9A1E7A4F7556}") = "Section 1.1 - Exercise1", "Section 1 - 0. Exercise1\Section 1.1 - Exercise1.csproj", "{C90CB6E9-4260-40F7-964B-1DB75AC2BDCD}"
EndProject
Project("{9A19103F-16F7-4668-BE54-9A1E7A4F7556}") = "Section 1.5 - Challenge1", "Section 1 - Challenge1\Section 1.5 - Challenge1.csproj", "{EA4441FF-E083-4080-9BD6-A5EC03343747}"
EndProject
Project("{9A19103F-16F7-4668-BE54-9A1E7A4F7556}") = "Section 1.6 - Challenge2", "Section 1 - Challenge2\Section 1.6 - Challenge2.csproj", "{995F3F70-3565-4C36-B719-2A971B29CA38}"
EndProject
Project("{9A19103F-16F7-4668-BE54-9A1E7A4F7556}") = "Section 1.7 - Challenge3", "Section 1 - Challenge3\Section 1.7 - Challenge3.csproj", "{B3890D75-A9C1-4582-BCCA-F15F8F50AD4D}"
EndProject
Project("{9A19103F-16F7-4668-BE54-9A1E7A4F7556}") = "Section 1.10 - Const keyword", "Sextion 1 - F. Var keyword\Section 1.10 - Const keyword.csproj", "{F8B3B128-5CD8-4BE1-9C7B-DD601A6760E3}"
EndProject
Project("{2150E333-8FDC-42A3-9474-1A3956D46DE8}") = "Section 2 - Methods, TryCatch", "Section 2 - Methods, TryCatch", "{9E1F3F14-17CA-473B-A8DB-EE03B37B003D}"
EndProject
Project("{9A19103F-16F7-4668-BE54-9A1E7A4F7556}") = "Section 2.1 - methods intro", "Section 2 - Methods intro\Section 2.1 - methods intro.csproj", "{80B70BAD-86BB-476D-89F1-58D5F8F09315}"
EndProject
Project("{9A19103F-16F7-4668-BE54-9A1E7A4F7556}") = "Section 2.2 - void methods", "Section 2.1 - void methods\Section 2.2 - void methods.csproj", "{84B51AF6-7570-47A3-80C6-0E6EB64B5FBD}"
EndProject
Project("{9A19103F-16F7-4668-BE54-9A1E7A4F7556}") = "Section 2.3 - return values, parameters", "Section 2.3 - Return values\Section 2.3 - return values, parameters.csproj", "{7B15550A-2611-4BDC-B9B1-B8D28C8C0883}"
EndProject
Project("{9A19103F-16F7-4668-BE54-9A1E7A4F7556}") = "Section 2.4 - Challenge", "Section 2.4 - Challenge\Section 2.4 - Challenge.csproj", "{6BF6AC46-72DE-4A0B-AFC0-28878687D90C}"
EndProject
Project("{9A19103F-16F7-4668-BE54-9A1E7A4F7556}") = "Section 2.5 - Exercise1", "Section 2.5 - Exercise1\Section 2.5 - Exercise1.csproj", "{A46033F5-1053-444C-86EF-B024D32AF139}"
EndProject
Project("{9A19103F-16F7-4668-BE54-9A1E7A4F7556}") = "Section 2.6 - Keyboard input", "Section 2.6 - Keyboard input\Section 2.6 - Keyboard input.csproj", "{5CEE814F-B432-4F15-8F01-0F8B7A341279}"
EndProject
Project("{9A19103F-16F7-4668-BE54-9A1E7A4F7556}") = "Section 2.7 - Try Catch & Finally", "Section 2.7 - Try Catch & Finally\Section 2.7 - Try Catch & Finally.csproj", "{D130F648-0273-41F4-B650-17F18A2DEE1E}"
EndProject
Project("{9A19103F-16F7-4668-BE54-9A1E7A4F7556}") = "Section 2.8 - Operators, increment", "Section 2.1 - Operators\Section 2.8 - Operators, increment.csproj", "{8BF6179E-202B-4986-9257-91E27C1CB619}"
EndProject
Project("{2150E333-8FDC-42A3-9474-1A3956D46DE8}") = "Section 3 - If Else, Switch, TryParse", "Section 3 - If Else, Switch, TryParse", "{7D34365A-DCF2-46AF-A269-52A618593706}"
EndProject
Project("{9A19103F-16F7-4668-BE54-9A1E7A4F7556}") = "Section 3.1 - if else", "Section 3.1 - Decisions\Section 3.1 - if else.csproj", "{9A1E9270-445B-4F85-B574-9B50DEE22D02}"
EndProject
Project("{9A19103F-16F7-4668-BE54-9A1E7A4F7556}") = "Section 3.2 - TryParse", "Section 3.2 - TryParse\Section 3.2 - TryParse.csproj", "{95D65CFA-A1BB-40F7-9F60-0C6E99313F10}"
EndProject
Project("{9A19103F-16F7-4668-BE54-9A1E7A4F7556}") = "Section 3.3 - If & TryParse()", "Section 3.3 - If & TryParse()\Section 3.3 - If & TryParse().csproj", "{7B5D27F1-8A1E-4D82-9BDF-F09C48DAF865}"
EndProject
Project("{9A19103F-16F7-4668-BE54-9A1E7A4F7556}") = "Section 3.4 - Exercise", "Section 3.4 - Exercise\Section 3.4 - Exercise.csproj", "{B1FBE1B8-C85B-4D5B-BC99-6D0D13D2E099}"
EndProject
Project("{9A19103F-16F7-4668-BE54-9A1E7A4F7556}") = "Section 3.5 - Nested if Statement", "Section 3.5 - Nested if Statement\Section 3.5 - Nested if Statement.csproj", "{64D7DE7C-4319-41BA-9096-28D97BF23D0C}"
EndProject
Project("{9A19103F-16F7-4668-BE54-9A1E7A4F7556}") = "Section 3.6 - Challenge - Nested if", "Section 3.6 - Challenge - Nested if\Section 3.6 - Challenge - Nested if.csproj", "{F1E62BD9-3AE7-44EE-AF10-C5FC3C2CE894}"
EndProject
Project("{9A19103F-16F7-4668-BE54-9A1E7A4F7556}") = "Section 3.7 - Challenge2 - Nested if", "Section 3.7 - Challenge2 - Nested if\Section 3.7 - Challenge2 - Nested if.csproj", "{DA5D7DE5-B6AA-4617-AEEA-38A6DA7675E3}"
EndProject
Project("{9A19103F-16F7-4668-BE54-9A1E7A4F7556}") = "Section 3.8 - Switch & Case", "Section 3.8 - Switch & Case\Section 3.8 - Switch & Case.csproj", "{1A38FE81-177C-4111-95CE-41578174320B}"
EndProject
Project("{9A19103F-16F7-4668-BE54-9A1E7A4F7556}") = "Section 3.9 - Challenge3", "Section 3.9 - Challenge3\Section 3.9 - Challenge3.csproj", "{05FCBCAB-F57B-4673-A972-6E69EE2FF911}"
EndProject
Project("{2150E333-8FDC-42A3-9474-1A3956D46DE8}") = "Section 4 - Loops", "Section 4 - Loops", "{88408356-7554-40B9-AE59-DCB3DFABE519}"
EndProject
Project("{9A19103F-16F7-4668-BE54-9A1E7A4F7556}") = "Section 4.1 - for loop", "Section 4.1 - Loops intro\Section 4.1 - for loop.csproj", "{50297D8D-E193-4652-A6E0-97C6A66CF992}"
EndProject
Project("{9A19103F-16F7-4668-BE54-9A1E7A4F7556}") = "Section 4.2 - do while loop", "Section 4.2 - do while loop\Section 4.2 - do while loop.csproj", "{B4FB4657-32A4-4A0C-8596-3FF2E9206F35}"
EndProject
Project("{9A19103F-16F7-4668-BE54-9A1E7A4F7556}") = "Section 4.3 - while loop", "Section 4.3 - while loop\Section 4.3 - while loop.csproj", "{AFD790ED-956A-41D1-85D4-22BF204C9F41}"
EndProject
Project("{9A19103F-16F7-4668-BE54-9A1E7A4F7556}") = "Section 4.4 - Exercise", "Section 4.4 - Exercise\Section 4.4 - Exercise.csproj", "{29228BC9-C9D0-4923-90D1-CF6529592C0E}"
EndProject
Project("{9A19103F-16F7-4668-BE54-9A1E7A4F7556}") = "Section 4.5 - continue & break", "Section 4.5 - continue & break\Section 4.5 - continue & break.csproj", "{B98817D3-91F7-44F0-97D2-6F693B256BE3}"
EndProject
Project("{9A19103F-16F7-4668-BE54-9A1E7A4F7556}") = "Section 4.6 - challenge - braek & continue", "Section 4.6 - challenge - braek & continue\Section 4.6 - challenge - braek & continue.csproj", "{74FCF6E4-905F-419B-B941-8852A86D09B7}"
EndProject
Project("{9A19103F-16F7-4668-BE54-9A1E7A4F7556}") = "Section 4.7 - challenge1 - loops", "Section 4.7 - challenge1 - loops\Section 4.7 - challenge1 - loops.csproj", "{0F335743-8292-439D-A274-1C30E47A7AF8}"
EndProject
Project("{2150E333-8FDC-42A3-9474-1A3956D46DE8}") = "Section 5 - OOP, class, constructor, set, get, properties", "Section 5 - OOP, class, constructor, set, get, properties", "{0AA4C65D-571C-4805-8FD8-EA6FA163DD7C}"
EndProject
Project("{9A19103F-16F7-4668-BE54-9A1E7A4F7556}") = "Section 5.1 - classes", "Section 5.1 - Class intro\Section 5.1 - classes.csproj", "{76BD197A-64D0-489F-9D17-2BCA8E6DB082}"
EndProject
Project("{9A19103F-16F7-4668-BE54-9A1E7A4F7556}") = "Section 5.2 - constructor", "Section 5.2 - constructor\Section 5.2 - constructor.csproj", "{78D62AA5-6C20-4C07-BF7A-299CC03642CA}"
EndProject
Project("{9A19103F-16F7-4668-BE54-9A1E7A4F7556}") = "Section 5.3 - overload constructor", "Section 5.3 - overload constructor\Section 5.3 - overload constructor.csproj", "{2E19AEB9-DB23-42BF-8B74-8C9DB1BA0508}"
EndProject
Project("{9A19103F-16F7-4668-BE54-9A1E7A4F7556}") = "Section 5.4 - Exercise constructor", "Section 5.4 - Exercise constructor\Section 5.4 - Exercise constructor.csproj", "{1010B55B-5C7B-4F38-AAC5-E6C686BA5CF2}"
EndProject
Project("{9A19103F-16F7-4668-BE54-9A1E7A4F7556}") = "Section 5.5 - shortcuts", "Section 5.5 - shortcuts\Section 5.5 - shortcuts.csproj", "{77DD1928-6496-4813-94AD-FBC229C513CA}"
EndProject
Project("{9A19103F-16F7-4668-BE54-9A1E7A4F7556}") = "Section 5.6 - private vs public", "Section 5.6 - private vs public\Section 5.6 - private vs public.csproj", "{590E6B16-BEF0-4CF3-968C-45E43D9A9322}"
EndProject
Project("{9A19103F-16F7-4668-BE54-9A1E7A4F7556}") = "Section 5.7 - setters", "Section 5.7 - setters\Section 5.7 - setters.csproj", "{FC7FF11C-D5CB-4085-95A5-25B81DECE0A7}"
EndProject
Project("{9A19103F-16F7-4668-BE54-9A1E7A4F7556}") = "Section 5.8 - getters", "Section 5.8 - getters\Section 5.8 - getters.csproj", "{465A55FF-F77E-478F-9C2F-B5E38245CA47}"
EndProject
Project("{9A19103F-16F7-4668-BE54-9A1E7A4F7556}") = "Section 5.9A - properties", "Section 5.9 - properties\Section 5.9A - properties.csproj", "{D3561FCC-1777-4434-A479-E31B2A6CB0C5}"
EndProject
Project("{9A19103F-16F7-4668-BE54-9A1E7A4F7556}") = "Section 5.9B - auto implemented properties", "Section 5.10 - auto implemented properties\Section 5.9B - auto implemented properties.csproj", "{43CDB695-EA5A-45B2-942C-773225621DDA}"
EndProject
Project("{9A19103F-16F7-4668-BE54-9A1E7A4F7556}") = "Section 5.9C - read only & write only properties", "Section 5.9C - read only & write only properties\Section 5.9C - read only & write only properties.csproj", "{C0E45836-0623-49D2-8F04-A9154D82FB19}"
EndProject
Project("{9A19103F-16F7-4668-BE54-9A1E7A4F7556}") = "Section 5.10 - Exercise properties", "Section 5.10 - Ecercise properties\Section 5.10 - Exercise properties.csproj", "{060BB118-E8A2-4423-818D-00BBBC1A4FDF}"
EndProject
Project("{9A19103F-16F7-4668-BE54-9A1E7A4F7556}") = "Section 5.11 - members", "Section 5.11 - members\Section 5.11 - members.csproj", "{994DA86F-3788-4E71-91B2-50036D5F138C}"
EndProject
Project("{2150E333-8FDC-42A3-9474-1A3956D46DE8}") = "Section 6 - Collections", "Section 6 - Collections", "{2531DCB0-60EB-4BC7-9651-F0C540635506}"
EndProject
Project("{9A19103F-16F7-4668-BE54-9A1E7A4F7556}") = "Section 6.1 - array", "Section 6.1 - array\Section 6.1 - array.csproj", "{0A58BC50-DFC8-45ED-A522-622B68908B52}"
EndProject
Project("{9A19103F-16F7-4668-BE54-9A1E7A4F7556}") = "Section 6.2 - foreach loop", "Section 6.2 - foreach loop\Section 6.2 - foreach loop.csproj", "{BC8C2D2E-82D5-4EC5-ADE4-FCE903226D22}"
EndProject
Project("{FAE04EC0-301F-11D3-BF4B-00C04F79EFBC}") = "Section 6.3 - foreach vs generic loops", "Section  6.3 - foreach vs generic loops\Section 6.3 - foreach vs generic loops.csproj", "{B843F2E1-22C9-495E-A913-00A4185ECAC6}"
EndProject
Project("{FAE04EC0-301F-11D3-BF4B-00C04F79EFBC}") = "Section 6.4 - Exercise - arrays & foreach", "Section 6.4 - Exercise - arrays & foreach\Section 6.4 - Exercise - arrays & foreach.csproj", "{62B4EBF1-B141-4264-BE6A-B325D8A1C423}"
EndProject
Project("{FAE04EC0-301F-11D3-BF4B-00C04F79EFBC}") = "Section 6.5 - multidimensional array", "Section 6.5 - multidimensional array\Section 6.5 - multidimensional array.csproj", "{50FAB719-BAD6-444A-81F8-DED48027E194}"
EndProject
Global
	GlobalSection(SolutionConfigurationPlatforms) = preSolution
		Debug|Any CPU = Debug|Any CPU
		Release|Any CPU = Release|Any CPU
	EndGlobalSection
	GlobalSection(ProjectConfigurationPlatforms) = postSolution
		{45AD99B8-8337-4EBC-B0E4-6C74A9F9C8A1}.Debug|Any CPU.ActiveCfg = Debug|Any CPU
		{45AD99B8-8337-4EBC-B0E4-6C74A9F9C8A1}.Debug|Any CPU.Build.0 = Debug|Any CPU
		{45AD99B8-8337-4EBC-B0E4-6C74A9F9C8A1}.Release|Any CPU.ActiveCfg = Release|Any CPU
		{45AD99B8-8337-4EBC-B0E4-6C74A9F9C8A1}.Release|Any CPU.Build.0 = Release|Any CPU
		{4B5C1215-2BFE-4846-B613-8D8455A3E1CD}.Debug|Any CPU.ActiveCfg = Debug|Any CPU
		{4B5C1215-2BFE-4846-B613-8D8455A3E1CD}.Debug|Any CPU.Build.0 = Debug|Any CPU
		{4B5C1215-2BFE-4846-B613-8D8455A3E1CD}.Release|Any CPU.ActiveCfg = Release|Any CPU
		{4B5C1215-2BFE-4846-B613-8D8455A3E1CD}.Release|Any CPU.Build.0 = Release|Any CPU
		{1B7FFD3E-8FD2-43D9-83CD-FB58D31A5EFB}.Debug|Any CPU.ActiveCfg = Debug|Any CPU
		{1B7FFD3E-8FD2-43D9-83CD-FB58D31A5EFB}.Debug|Any CPU.Build.0 = Debug|Any CPU
		{1B7FFD3E-8FD2-43D9-83CD-FB58D31A5EFB}.Release|Any CPU.ActiveCfg = Release|Any CPU
		{1B7FFD3E-8FD2-43D9-83CD-FB58D31A5EFB}.Release|Any CPU.Build.0 = Release|Any CPU
		{1B8F571A-0193-42FD-A865-58912122F121}.Debug|Any CPU.ActiveCfg = Debug|Any CPU
		{1B8F571A-0193-42FD-A865-58912122F121}.Debug|Any CPU.Build.0 = Debug|Any CPU
		{1B8F571A-0193-42FD-A865-58912122F121}.Release|Any CPU.ActiveCfg = Release|Any CPU
		{1B8F571A-0193-42FD-A865-58912122F121}.Release|Any CPU.Build.0 = Release|Any CPU
		{5B8C61A9-B30B-45DA-84B2-F429393269A7}.Debug|Any CPU.ActiveCfg = Debug|Any CPU
		{5B8C61A9-B30B-45DA-84B2-F429393269A7}.Debug|Any CPU.Build.0 = Debug|Any CPU
		{5B8C61A9-B30B-45DA-84B2-F429393269A7}.Release|Any CPU.ActiveCfg = Release|Any CPU
		{5B8C61A9-B30B-45DA-84B2-F429393269A7}.Release|Any CPU.Build.0 = Release|Any CPU
		{C90CB6E9-4260-40F7-964B-1DB75AC2BDCD}.Debug|Any CPU.ActiveCfg = Debug|Any CPU
		{C90CB6E9-4260-40F7-964B-1DB75AC2BDCD}.Debug|Any CPU.Build.0 = Debug|Any CPU
		{C90CB6E9-4260-40F7-964B-1DB75AC2BDCD}.Release|Any CPU.ActiveCfg = Release|Any CPU
		{C90CB6E9-4260-40F7-964B-1DB75AC2BDCD}.Release|Any CPU.Build.0 = Release|Any CPU
		{EA4441FF-E083-4080-9BD6-A5EC03343747}.Debug|Any CPU.ActiveCfg = Debug|Any CPU
		{EA4441FF-E083-4080-9BD6-A5EC03343747}.Debug|Any CPU.Build.0 = Debug|Any CPU
		{EA4441FF-E083-4080-9BD6-A5EC03343747}.Release|Any CPU.ActiveCfg = Release|Any CPU
		{EA4441FF-E083-4080-9BD6-A5EC03343747}.Release|Any CPU.Build.0 = Release|Any CPU
		{995F3F70-3565-4C36-B719-2A971B29CA38}.Debug|Any CPU.ActiveCfg = Debug|Any CPU
		{995F3F70-3565-4C36-B719-2A971B29CA38}.Debug|Any CPU.Build.0 = Debug|Any CPU
		{995F3F70-3565-4C36-B719-2A971B29CA38}.Release|Any CPU.ActiveCfg = Release|Any CPU
		{995F3F70-3565-4C36-B719-2A971B29CA38}.Release|Any CPU.Build.0 = Release|Any CPU
		{B3890D75-A9C1-4582-BCCA-F15F8F50AD4D}.Debug|Any CPU.ActiveCfg = Debug|Any CPU
		{B3890D75-A9C1-4582-BCCA-F15F8F50AD4D}.Debug|Any CPU.Build.0 = Debug|Any CPU
		{B3890D75-A9C1-4582-BCCA-F15F8F50AD4D}.Release|Any CPU.ActiveCfg = Release|Any CPU
		{B3890D75-A9C1-4582-BCCA-F15F8F50AD4D}.Release|Any CPU.Build.0 = Release|Any CPU
		{F8B3B128-5CD8-4BE1-9C7B-DD601A6760E3}.Debug|Any CPU.ActiveCfg = Debug|Any CPU
		{F8B3B128-5CD8-4BE1-9C7B-DD601A6760E3}.Debug|Any CPU.Build.0 = Debug|Any CPU
		{F8B3B128-5CD8-4BE1-9C7B-DD601A6760E3}.Release|Any CPU.ActiveCfg = Release|Any CPU
		{F8B3B128-5CD8-4BE1-9C7B-DD601A6760E3}.Release|Any CPU.Build.0 = Release|Any CPU
		{80B70BAD-86BB-476D-89F1-58D5F8F09315}.Debug|Any CPU.ActiveCfg = Debug|Any CPU
		{80B70BAD-86BB-476D-89F1-58D5F8F09315}.Debug|Any CPU.Build.0 = Debug|Any CPU
		{80B70BAD-86BB-476D-89F1-58D5F8F09315}.Release|Any CPU.ActiveCfg = Release|Any CPU
		{80B70BAD-86BB-476D-89F1-58D5F8F09315}.Release|Any CPU.Build.0 = Release|Any CPU
		{84B51AF6-7570-47A3-80C6-0E6EB64B5FBD}.Debug|Any CPU.ActiveCfg = Debug|Any CPU
		{84B51AF6-7570-47A3-80C6-0E6EB64B5FBD}.Debug|Any CPU.Build.0 = Debug|Any CPU
		{84B51AF6-7570-47A3-80C6-0E6EB64B5FBD}.Release|Any CPU.ActiveCfg = Release|Any CPU
		{84B51AF6-7570-47A3-80C6-0E6EB64B5FBD}.Release|Any CPU.Build.0 = Release|Any CPU
		{7B15550A-2611-4BDC-B9B1-B8D28C8C0883}.Debug|Any CPU.ActiveCfg = Debug|Any CPU
		{7B15550A-2611-4BDC-B9B1-B8D28C8C0883}.Debug|Any CPU.Build.0 = Debug|Any CPU
		{7B15550A-2611-4BDC-B9B1-B8D28C8C0883}.Release|Any CPU.ActiveCfg = Release|Any CPU
		{7B15550A-2611-4BDC-B9B1-B8D28C8C0883}.Release|Any CPU.Build.0 = Release|Any CPU
		{6BF6AC46-72DE-4A0B-AFC0-28878687D90C}.Debug|Any CPU.ActiveCfg = Debug|Any CPU
		{6BF6AC46-72DE-4A0B-AFC0-28878687D90C}.Debug|Any CPU.Build.0 = Debug|Any CPU
		{6BF6AC46-72DE-4A0B-AFC0-28878687D90C}.Release|Any CPU.ActiveCfg = Release|Any CPU
		{6BF6AC46-72DE-4A0B-AFC0-28878687D90C}.Release|Any CPU.Build.0 = Release|Any CPU
		{A46033F5-1053-444C-86EF-B024D32AF139}.Debug|Any CPU.ActiveCfg = Debug|Any CPU
		{A46033F5-1053-444C-86EF-B024D32AF139}.Debug|Any CPU.Build.0 = Debug|Any CPU
		{A46033F5-1053-444C-86EF-B024D32AF139}.Release|Any CPU.ActiveCfg = Release|Any CPU
		{A46033F5-1053-444C-86EF-B024D32AF139}.Release|Any CPU.Build.0 = Release|Any CPU
		{5CEE814F-B432-4F15-8F01-0F8B7A341279}.Debug|Any CPU.ActiveCfg = Debug|Any CPU
		{5CEE814F-B432-4F15-8F01-0F8B7A341279}.Debug|Any CPU.Build.0 = Debug|Any CPU
		{5CEE814F-B432-4F15-8F01-0F8B7A341279}.Release|Any CPU.ActiveCfg = Release|Any CPU
		{5CEE814F-B432-4F15-8F01-0F8B7A341279}.Release|Any CPU.Build.0 = Release|Any CPU
		{D130F648-0273-41F4-B650-17F18A2DEE1E}.Debug|Any CPU.ActiveCfg = Debug|Any CPU
		{D130F648-0273-41F4-B650-17F18A2DEE1E}.Debug|Any CPU.Build.0 = Debug|Any CPU
		{D130F648-0273-41F4-B650-17F18A2DEE1E}.Release|Any CPU.ActiveCfg = Release|Any CPU
		{D130F648-0273-41F4-B650-17F18A2DEE1E}.Release|Any CPU.Build.0 = Release|Any CPU
		{8BF6179E-202B-4986-9257-91E27C1CB619}.Debug|Any CPU.ActiveCfg = Debug|Any CPU
		{8BF6179E-202B-4986-9257-91E27C1CB619}.Debug|Any CPU.Build.0 = Debug|Any CPU
		{8BF6179E-202B-4986-9257-91E27C1CB619}.Release|Any CPU.ActiveCfg = Release|Any CPU
		{8BF6179E-202B-4986-9257-91E27C1CB619}.Release|Any CPU.Build.0 = Release|Any CPU
		{9A1E9270-445B-4F85-B574-9B50DEE22D02}.Debug|Any CPU.ActiveCfg = Debug|Any CPU
		{9A1E9270-445B-4F85-B574-9B50DEE22D02}.Debug|Any CPU.Build.0 = Debug|Any CPU
		{9A1E9270-445B-4F85-B574-9B50DEE22D02}.Release|Any CPU.ActiveCfg = Release|Any CPU
		{9A1E9270-445B-4F85-B574-9B50DEE22D02}.Release|Any CPU.Build.0 = Release|Any CPU
		{95D65CFA-A1BB-40F7-9F60-0C6E99313F10}.Debug|Any CPU.ActiveCfg = Debug|Any CPU
		{95D65CFA-A1BB-40F7-9F60-0C6E99313F10}.Debug|Any CPU.Build.0 = Debug|Any CPU
		{95D65CFA-A1BB-40F7-9F60-0C6E99313F10}.Release|Any CPU.ActiveCfg = Release|Any CPU
		{95D65CFA-A1BB-40F7-9F60-0C6E99313F10}.Release|Any CPU.Build.0 = Release|Any CPU
		{7B5D27F1-8A1E-4D82-9BDF-F09C48DAF865}.Debug|Any CPU.ActiveCfg = Debug|Any CPU
		{7B5D27F1-8A1E-4D82-9BDF-F09C48DAF865}.Debug|Any CPU.Build.0 = Debug|Any CPU
		{7B5D27F1-8A1E-4D82-9BDF-F09C48DAF865}.Release|Any CPU.ActiveCfg = Release|Any CPU
		{7B5D27F1-8A1E-4D82-9BDF-F09C48DAF865}.Release|Any CPU.Build.0 = Release|Any CPU
		{B1FBE1B8-C85B-4D5B-BC99-6D0D13D2E099}.Debug|Any CPU.ActiveCfg = Debug|Any CPU
		{B1FBE1B8-C85B-4D5B-BC99-6D0D13D2E099}.Debug|Any CPU.Build.0 = Debug|Any CPU
		{B1FBE1B8-C85B-4D5B-BC99-6D0D13D2E099}.Release|Any CPU.ActiveCfg = Release|Any CPU
		{B1FBE1B8-C85B-4D5B-BC99-6D0D13D2E099}.Release|Any CPU.Build.0 = Release|Any CPU
		{64D7DE7C-4319-41BA-9096-28D97BF23D0C}.Debug|Any CPU.ActiveCfg = Debug|Any CPU
		{64D7DE7C-4319-41BA-9096-28D97BF23D0C}.Debug|Any CPU.Build.0 = Debug|Any CPU
		{64D7DE7C-4319-41BA-9096-28D97BF23D0C}.Release|Any CPU.ActiveCfg = Release|Any CPU
		{64D7DE7C-4319-41BA-9096-28D97BF23D0C}.Release|Any CPU.Build.0 = Release|Any CPU
		{F1E62BD9-3AE7-44EE-AF10-C5FC3C2CE894}.Debug|Any CPU.ActiveCfg = Debug|Any CPU
		{F1E62BD9-3AE7-44EE-AF10-C5FC3C2CE894}.Debug|Any CPU.Build.0 = Debug|Any CPU
		{F1E62BD9-3AE7-44EE-AF10-C5FC3C2CE894}.Release|Any CPU.ActiveCfg = Release|Any CPU
		{F1E62BD9-3AE7-44EE-AF10-C5FC3C2CE894}.Release|Any CPU.Build.0 = Release|Any CPU
		{DA5D7DE5-B6AA-4617-AEEA-38A6DA7675E3}.Debug|Any CPU.ActiveCfg = Debug|Any CPU
		{DA5D7DE5-B6AA-4617-AEEA-38A6DA7675E3}.Debug|Any CPU.Build.0 = Debug|Any CPU
		{DA5D7DE5-B6AA-4617-AEEA-38A6DA7675E3}.Release|Any CPU.ActiveCfg = Release|Any CPU
		{DA5D7DE5-B6AA-4617-AEEA-38A6DA7675E3}.Release|Any CPU.Build.0 = Release|Any CPU
		{1A38FE81-177C-4111-95CE-41578174320B}.Debug|Any CPU.ActiveCfg = Debug|Any CPU
		{1A38FE81-177C-4111-95CE-41578174320B}.Debug|Any CPU.Build.0 = Debug|Any CPU
		{1A38FE81-177C-4111-95CE-41578174320B}.Release|Any CPU.ActiveCfg = Release|Any CPU
		{1A38FE81-177C-4111-95CE-41578174320B}.Release|Any CPU.Build.0 = Release|Any CPU
		{05FCBCAB-F57B-4673-A972-6E69EE2FF911}.Debug|Any CPU.ActiveCfg = Debug|Any CPU
		{05FCBCAB-F57B-4673-A972-6E69EE2FF911}.Debug|Any CPU.Build.0 = Debug|Any CPU
		{05FCBCAB-F57B-4673-A972-6E69EE2FF911}.Release|Any CPU.ActiveCfg = Release|Any CPU
		{05FCBCAB-F57B-4673-A972-6E69EE2FF911}.Release|Any CPU.Build.0 = Release|Any CPU
		{50297D8D-E193-4652-A6E0-97C6A66CF992}.Debug|Any CPU.ActiveCfg = Debug|Any CPU
		{50297D8D-E193-4652-A6E0-97C6A66CF992}.Debug|Any CPU.Build.0 = Debug|Any CPU
		{50297D8D-E193-4652-A6E0-97C6A66CF992}.Release|Any CPU.ActiveCfg = Release|Any CPU
		{50297D8D-E193-4652-A6E0-97C6A66CF992}.Release|Any CPU.Build.0 = Release|Any CPU
		{B4FB4657-32A4-4A0C-8596-3FF2E9206F35}.Debug|Any CPU.ActiveCfg = Debug|Any CPU
		{B4FB4657-32A4-4A0C-8596-3FF2E9206F35}.Debug|Any CPU.Build.0 = Debug|Any CPU
		{B4FB4657-32A4-4A0C-8596-3FF2E9206F35}.Release|Any CPU.ActiveCfg = Release|Any CPU
		{B4FB4657-32A4-4A0C-8596-3FF2E9206F35}.Release|Any CPU.Build.0 = Release|Any CPU
		{AFD790ED-956A-41D1-85D4-22BF204C9F41}.Debug|Any CPU.ActiveCfg = Debug|Any CPU
		{AFD790ED-956A-41D1-85D4-22BF204C9F41}.Debug|Any CPU.Build.0 = Debug|Any CPU
		{AFD790ED-956A-41D1-85D4-22BF204C9F41}.Release|Any CPU.ActiveCfg = Release|Any CPU
		{AFD790ED-956A-41D1-85D4-22BF204C9F41}.Release|Any CPU.Build.0 = Release|Any CPU
		{29228BC9-C9D0-4923-90D1-CF6529592C0E}.Debug|Any CPU.ActiveCfg = Debug|Any CPU
		{29228BC9-C9D0-4923-90D1-CF6529592C0E}.Debug|Any CPU.Build.0 = Debug|Any CPU
		{29228BC9-C9D0-4923-90D1-CF6529592C0E}.Release|Any CPU.ActiveCfg = Release|Any CPU
		{29228BC9-C9D0-4923-90D1-CF6529592C0E}.Release|Any CPU.Build.0 = Release|Any CPU
		{B98817D3-91F7-44F0-97D2-6F693B256BE3}.Debug|Any CPU.ActiveCfg = Debug|Any CPU
		{B98817D3-91F7-44F0-97D2-6F693B256BE3}.Debug|Any CPU.Build.0 = Debug|Any CPU
		{B98817D3-91F7-44F0-97D2-6F693B256BE3}.Release|Any CPU.ActiveCfg = Release|Any CPU
		{B98817D3-91F7-44F0-97D2-6F693B256BE3}.Release|Any CPU.Build.0 = Release|Any CPU
		{74FCF6E4-905F-419B-B941-8852A86D09B7}.Debug|Any CPU.ActiveCfg = Debug|Any CPU
		{74FCF6E4-905F-419B-B941-8852A86D09B7}.Debug|Any CPU.Build.0 = Debug|Any CPU
		{74FCF6E4-905F-419B-B941-8852A86D09B7}.Release|Any CPU.ActiveCfg = Release|Any CPU
		{74FCF6E4-905F-419B-B941-8852A86D09B7}.Release|Any CPU.Build.0 = Release|Any CPU
		{0F335743-8292-439D-A274-1C30E47A7AF8}.Debug|Any CPU.ActiveCfg = Debug|Any CPU
		{0F335743-8292-439D-A274-1C30E47A7AF8}.Debug|Any CPU.Build.0 = Debug|Any CPU
		{0F335743-8292-439D-A274-1C30E47A7AF8}.Release|Any CPU.ActiveCfg = Release|Any CPU
		{0F335743-8292-439D-A274-1C30E47A7AF8}.Release|Any CPU.Build.0 = Release|Any CPU
		{76BD197A-64D0-489F-9D17-2BCA8E6DB082}.Debug|Any CPU.ActiveCfg = Debug|Any CPU
		{76BD197A-64D0-489F-9D17-2BCA8E6DB082}.Debug|Any CPU.Build.0 = Debug|Any CPU
		{76BD197A-64D0-489F-9D17-2BCA8E6DB082}.Release|Any CPU.ActiveCfg = Release|Any CPU
		{76BD197A-64D0-489F-9D17-2BCA8E6DB082}.Release|Any CPU.Build.0 = Release|Any CPU
		{78D62AA5-6C20-4C07-BF7A-299CC03642CA}.Debug|Any CPU.ActiveCfg = Debug|Any CPU
		{78D62AA5-6C20-4C07-BF7A-299CC03642CA}.Debug|Any CPU.Build.0 = Debug|Any CPU
		{78D62AA5-6C20-4C07-BF7A-299CC03642CA}.Release|Any CPU.ActiveCfg = Release|Any CPU
		{78D62AA5-6C20-4C07-BF7A-299CC03642CA}.Release|Any CPU.Build.0 = Release|Any CPU
		{2E19AEB9-DB23-42BF-8B74-8C9DB1BA0508}.Debug|Any CPU.ActiveCfg = Debug|Any CPU
		{2E19AEB9-DB23-42BF-8B74-8C9DB1BA0508}.Debug|Any CPU.Build.0 = Debug|Any CPU
		{2E19AEB9-DB23-42BF-8B74-8C9DB1BA0508}.Release|Any CPU.ActiveCfg = Release|Any CPU
		{2E19AEB9-DB23-42BF-8B74-8C9DB1BA0508}.Release|Any CPU.Build.0 = Release|Any CPU
		{1010B55B-5C7B-4F38-AAC5-E6C686BA5CF2}.Debug|Any CPU.ActiveCfg = Debug|Any CPU
		{1010B55B-5C7B-4F38-AAC5-E6C686BA5CF2}.Debug|Any CPU.Build.0 = Debug|Any CPU
		{1010B55B-5C7B-4F38-AAC5-E6C686BA5CF2}.Release|Any CPU.ActiveCfg = Release|Any CPU
		{1010B55B-5C7B-4F38-AAC5-E6C686BA5CF2}.Release|Any CPU.Build.0 = Release|Any CPU
		{77DD1928-6496-4813-94AD-FBC229C513CA}.Debug|Any CPU.ActiveCfg = Debug|Any CPU
		{77DD1928-6496-4813-94AD-FBC229C513CA}.Debug|Any CPU.Build.0 = Debug|Any CPU
		{77DD1928-6496-4813-94AD-FBC229C513CA}.Release|Any CPU.ActiveCfg = Release|Any CPU
		{77DD1928-6496-4813-94AD-FBC229C513CA}.Release|Any CPU.Build.0 = Release|Any CPU
		{590E6B16-BEF0-4CF3-968C-45E43D9A9322}.Debug|Any CPU.ActiveCfg = Debug|Any CPU
		{590E6B16-BEF0-4CF3-968C-45E43D9A9322}.Debug|Any CPU.Build.0 = Debug|Any CPU
		{590E6B16-BEF0-4CF3-968C-45E43D9A9322}.Release|Any CPU.ActiveCfg = Release|Any CPU
		{590E6B16-BEF0-4CF3-968C-45E43D9A9322}.Release|Any CPU.Build.0 = Release|Any CPU
		{FC7FF11C-D5CB-4085-95A5-25B81DECE0A7}.Debug|Any CPU.ActiveCfg = Debug|Any CPU
		{FC7FF11C-D5CB-4085-95A5-25B81DECE0A7}.Debug|Any CPU.Build.0 = Debug|Any CPU
		{FC7FF11C-D5CB-4085-95A5-25B81DECE0A7}.Release|Any CPU.ActiveCfg = Release|Any CPU
		{FC7FF11C-D5CB-4085-95A5-25B81DECE0A7}.Release|Any CPU.Build.0 = Release|Any CPU
		{465A55FF-F77E-478F-9C2F-B5E38245CA47}.Debug|Any CPU.ActiveCfg = Debug|Any CPU
		{465A55FF-F77E-478F-9C2F-B5E38245CA47}.Debug|Any CPU.Build.0 = Debug|Any CPU
		{465A55FF-F77E-478F-9C2F-B5E38245CA47}.Release|Any CPU.ActiveCfg = Release|Any CPU
		{465A55FF-F77E-478F-9C2F-B5E38245CA47}.Release|Any CPU.Build.0 = Release|Any CPU
		{D3561FCC-1777-4434-A479-E31B2A6CB0C5}.Debug|Any CPU.ActiveCfg = Debug|Any CPU
		{D3561FCC-1777-4434-A479-E31B2A6CB0C5}.Debug|Any CPU.Build.0 = Debug|Any CPU
		{D3561FCC-1777-4434-A479-E31B2A6CB0C5}.Release|Any CPU.ActiveCfg = Release|Any CPU
		{D3561FCC-1777-4434-A479-E31B2A6CB0C5}.Release|Any CPU.Build.0 = Release|Any CPU
		{43CDB695-EA5A-45B2-942C-773225621DDA}.Debug|Any CPU.ActiveCfg = Debug|Any CPU
		{43CDB695-EA5A-45B2-942C-773225621DDA}.Debug|Any CPU.Build.0 = Debug|Any CPU
		{43CDB695-EA5A-45B2-942C-773225621DDA}.Release|Any CPU.ActiveCfg = Release|Any CPU
		{43CDB695-EA5A-45B2-942C-773225621DDA}.Release|Any CPU.Build.0 = Release|Any CPU
		{C0E45836-0623-49D2-8F04-A9154D82FB19}.Debug|Any CPU.ActiveCfg = Debug|Any CPU
		{C0E45836-0623-49D2-8F04-A9154D82FB19}.Debug|Any CPU.Build.0 = Debug|Any CPU
		{C0E45836-0623-49D2-8F04-A9154D82FB19}.Release|Any CPU.ActiveCfg = Release|Any CPU
		{C0E45836-0623-49D2-8F04-A9154D82FB19}.Release|Any CPU.Build.0 = Release|Any CPU
		{060BB118-E8A2-4423-818D-00BBBC1A4FDF}.Debug|Any CPU.ActiveCfg = Debug|Any CPU
		{060BB118-E8A2-4423-818D-00BBBC1A4FDF}.Debug|Any CPU.Build.0 = Debug|Any CPU
		{060BB118-E8A2-4423-818D-00BBBC1A4FDF}.Release|Any CPU.ActiveCfg = Release|Any CPU
		{060BB118-E8A2-4423-818D-00BBBC1A4FDF}.Release|Any CPU.Build.0 = Release|Any CPU
		{994DA86F-3788-4E71-91B2-50036D5F138C}.Debug|Any CPU.ActiveCfg = Debug|Any CPU
		{994DA86F-3788-4E71-91B2-50036D5F138C}.Debug|Any CPU.Build.0 = Debug|Any CPU
		{994DA86F-3788-4E71-91B2-50036D5F138C}.Release|Any CPU.ActiveCfg = Release|Any CPU
		{994DA86F-3788-4E71-91B2-50036D5F138C}.Release|Any CPU.Build.0 = Release|Any CPU
		{0A58BC50-DFC8-45ED-A522-622B68908B52}.Debug|Any CPU.ActiveCfg = Debug|Any CPU
		{0A58BC50-DFC8-45ED-A522-622B68908B52}.Debug|Any CPU.Build.0 = Debug|Any CPU
		{0A58BC50-DFC8-45ED-A522-622B68908B52}.Release|Any CPU.ActiveCfg = Release|Any CPU
		{0A58BC50-DFC8-45ED-A522-622B68908B52}.Release|Any CPU.Build.0 = Release|Any CPU
		{BC8C2D2E-82D5-4EC5-ADE4-FCE903226D22}.Debug|Any CPU.ActiveCfg = Debug|Any CPU
		{BC8C2D2E-82D5-4EC5-ADE4-FCE903226D22}.Debug|Any CPU.Build.0 = Debug|Any CPU
		{BC8C2D2E-82D5-4EC5-ADE4-FCE903226D22}.Release|Any CPU.ActiveCfg = Release|Any CPU
		{BC8C2D2E-82D5-4EC5-ADE4-FCE903226D22}.Release|Any CPU.Build.0 = Release|Any CPU
		{B843F2E1-22C9-495E-A913-00A4185ECAC6}.Debug|Any CPU.ActiveCfg = Debug|Any CPU
		{B843F2E1-22C9-495E-A913-00A4185ECAC6}.Debug|Any CPU.Build.0 = Debug|Any CPU
		{B843F2E1-22C9-495E-A913-00A4185ECAC6}.Release|Any CPU.ActiveCfg = Release|Any CPU
		{B843F2E1-22C9-495E-A913-00A4185ECAC6}.Release|Any CPU.Build.0 = Release|Any CPU
		{62B4EBF1-B141-4264-BE6A-B325D8A1C423}.Debug|Any CPU.ActiveCfg = Debug|Any CPU
		{62B4EBF1-B141-4264-BE6A-B325D8A1C423}.Debug|Any CPU.Build.0 = Debug|Any CPU
		{62B4EBF1-B141-4264-BE6A-B325D8A1C423}.Release|Any CPU.ActiveCfg = Release|Any CPU
		{62B4EBF1-B141-4264-BE6A-B325D8A1C423}.Release|Any CPU.Build.0 = Release|Any CPU
		{50FAB719-BAD6-444A-81F8-DED48027E194}.Debug|Any CPU.ActiveCfg = Debug|Any CPU
		{50FAB719-BAD6-444A-81F8-DED48027E194}.Debug|Any CPU.Build.0 = Debug|Any CPU
		{50FAB719-BAD6-444A-81F8-DED48027E194}.Release|Any CPU.ActiveCfg = Release|Any CPU
		{50FAB719-BAD6-444A-81F8-DED48027E194}.Release|Any CPU.Build.0 = Release|Any CPU
	EndGlobalSection
	GlobalSection(SolutionProperties) = preSolution
		HideSolutionNode = FALSE
	EndGlobalSection
	GlobalSection(NestedProjects) = preSolution
		{45AD99B8-8337-4EBC-B0E4-6C74A9F9C8A1} = {FF675802-2856-4976-A8CD-3BDA0321AAA1}
		{4B5C1215-2BFE-4846-B613-8D8455A3E1CD} = {FF675802-2856-4976-A8CD-3BDA0321AAA1}
		{1B7FFD3E-8FD2-43D9-83CD-FB58D31A5EFB} = {FF675802-2856-4976-A8CD-3BDA0321AAA1}
		{1B8F571A-0193-42FD-A865-58912122F121} = {FF675802-2856-4976-A8CD-3BDA0321AAA1}
		{5B8C61A9-B30B-45DA-84B2-F429393269A7} = {FF675802-2856-4976-A8CD-3BDA0321AAA1}
		{C90CB6E9-4260-40F7-964B-1DB75AC2BDCD} = {FF675802-2856-4976-A8CD-3BDA0321AAA1}
		{EA4441FF-E083-4080-9BD6-A5EC03343747} = {FF675802-2856-4976-A8CD-3BDA0321AAA1}
		{995F3F70-3565-4C36-B719-2A971B29CA38} = {FF675802-2856-4976-A8CD-3BDA0321AAA1}
		{B3890D75-A9C1-4582-BCCA-F15F8F50AD4D} = {FF675802-2856-4976-A8CD-3BDA0321AAA1}
		{F8B3B128-5CD8-4BE1-9C7B-DD601A6760E3} = {FF675802-2856-4976-A8CD-3BDA0321AAA1}
		{80B70BAD-86BB-476D-89F1-58D5F8F09315} = {9E1F3F14-17CA-473B-A8DB-EE03B37B003D}
		{84B51AF6-7570-47A3-80C6-0E6EB64B5FBD} = {9E1F3F14-17CA-473B-A8DB-EE03B37B003D}
		{7B15550A-2611-4BDC-B9B1-B8D28C8C0883} = {9E1F3F14-17CA-473B-A8DB-EE03B37B003D}
		{6BF6AC46-72DE-4A0B-AFC0-28878687D90C} = {9E1F3F14-17CA-473B-A8DB-EE03B37B003D}
		{A46033F5-1053-444C-86EF-B024D32AF139} = {9E1F3F14-17CA-473B-A8DB-EE03B37B003D}
		{5CEE814F-B432-4F15-8F01-0F8B7A341279} = {9E1F3F14-17CA-473B-A8DB-EE03B37B003D}
		{D130F648-0273-41F4-B650-17F18A2DEE1E} = {9E1F3F14-17CA-473B-A8DB-EE03B37B003D}
		{8BF6179E-202B-4986-9257-91E27C1CB619} = {9E1F3F14-17CA-473B-A8DB-EE03B37B003D}
		{9A1E9270-445B-4F85-B574-9B50DEE22D02} = {7D34365A-DCF2-46AF-A269-52A618593706}
		{95D65CFA-A1BB-40F7-9F60-0C6E99313F10} = {7D34365A-DCF2-46AF-A269-52A618593706}
		{7B5D27F1-8A1E-4D82-9BDF-F09C48DAF865} = {7D34365A-DCF2-46AF-A269-52A618593706}
		{B1FBE1B8-C85B-4D5B-BC99-6D0D13D2E099} = {7D34365A-DCF2-46AF-A269-52A618593706}
		{64D7DE7C-4319-41BA-9096-28D97BF23D0C} = {7D34365A-DCF2-46AF-A269-52A618593706}
		{F1E62BD9-3AE7-44EE-AF10-C5FC3C2CE894} = {7D34365A-DCF2-46AF-A269-52A618593706}
		{DA5D7DE5-B6AA-4617-AEEA-38A6DA7675E3} = {7D34365A-DCF2-46AF-A269-52A618593706}
		{1A38FE81-177C-4111-95CE-41578174320B} = {7D34365A-DCF2-46AF-A269-52A618593706}
		{05FCBCAB-F57B-4673-A972-6E69EE2FF911} = {7D34365A-DCF2-46AF-A269-52A618593706}
		{50297D8D-E193-4652-A6E0-97C6A66CF992} = {88408356-7554-40B9-AE59-DCB3DFABE519}
		{B4FB4657-32A4-4A0C-8596-3FF2E9206F35} = {88408356-7554-40B9-AE59-DCB3DFABE519}
		{AFD790ED-956A-41D1-85D4-22BF204C9F41} = {88408356-7554-40B9-AE59-DCB3DFABE519}
		{29228BC9-C9D0-4923-90D1-CF6529592C0E} = {88408356-7554-40B9-AE59-DCB3DFABE519}
		{B98817D3-91F7-44F0-97D2-6F693B256BE3} = {88408356-7554-40B9-AE59-DCB3DFABE519}
		{74FCF6E4-905F-419B-B941-8852A86D09B7} = {88408356-7554-40B9-AE59-DCB3DFABE519}
		{0F335743-8292-439D-A274-1C30E47A7AF8} = {88408356-7554-40B9-AE59-DCB3DFABE519}
		{76BD197A-64D0-489F-9D17-2BCA8E6DB082} = {0AA4C65D-571C-4805-8FD8-EA6FA163DD7C}
		{78D62AA5-6C20-4C07-BF7A-299CC03642CA} = {0AA4C65D-571C-4805-8FD8-EA6FA163DD7C}
		{2E19AEB9-DB23-42BF-8B74-8C9DB1BA0508} = {0AA4C65D-571C-4805-8FD8-EA6FA163DD7C}
		{1010B55B-5C7B-4F38-AAC5-E6C686BA5CF2} = {0AA4C65D-571C-4805-8FD8-EA6FA163DD7C}
		{77DD1928-6496-4813-94AD-FBC229C513CA} = {0AA4C65D-571C-4805-8FD8-EA6FA163DD7C}
		{590E6B16-BEF0-4CF3-968C-45E43D9A9322} = {0AA4C65D-571C-4805-8FD8-EA6FA163DD7C}
		{FC7FF11C-D5CB-4085-95A5-25B81DECE0A7} = {0AA4C65D-571C-4805-8FD8-EA6FA163DD7C}
		{465A55FF-F77E-478F-9C2F-B5E38245CA47} = {0AA4C65D-571C-4805-8FD8-EA6FA163DD7C}
		{D3561FCC-1777-4434-A479-E31B2A6CB0C5} = {0AA4C65D-571C-4805-8FD8-EA6FA163DD7C}
		{43CDB695-EA5A-45B2-942C-773225621DDA} = {0AA4C65D-571C-4805-8FD8-EA6FA163DD7C}
		{C0E45836-0623-49D2-8F04-A9154D82FB19} = {0AA4C65D-571C-4805-8FD8-EA6FA163DD7C}
		{060BB118-E8A2-4423-818D-00BBBC1A4FDF} = {0AA4C65D-571C-4805-8FD8-EA6FA163DD7C}
		{994DA86F-3788-4E71-91B2-50036D5F138C} = {0AA4C65D-571C-4805-8FD8-EA6FA163DD7C}
		{0A58BC50-DFC8-45ED-A522-622B68908B52} = {2531DCB0-60EB-4BC7-9651-F0C540635506}
		{BC8C2D2E-82D5-4EC5-ADE4-FCE903226D22} = {2531DCB0-60EB-4BC7-9651-F0C540635506}
		{B843F2E1-22C9-495E-A913-00A4185ECAC6} = {2531DCB0-60EB-4BC7-9651-F0C540635506}
		{62B4EBF1-B141-4264-BE6A-B325D8A1C423} = {2531DCB0-60EB-4BC7-9651-F0C540635506}
		{50FAB719-BAD6-444A-81F8-DED48027E194} = {2531DCB0-60EB-4BC7-9651-F0C540635506}
	EndGlobalSection
	GlobalSection(ExtensibilityGlobals) = postSolution
		SolutionGuid = {C0BD9542-BB36-4302-9E6D-D851C4A2C6C7}
	EndGlobalSection
EndGlobal
